
Microsoft Visual Studio Solution File, Format Version 12.00
# Visual Studio 2012
Project("{FAE04EC0-301F-11D3-BF4B-00C04F79EFBC}") = "TiledOptimizer", "TiledOptimizer\TiledOptimizer.csproj", "{0118BCCC-524F-44D4-AB8A-81F31483ABEC}"
EndProject
Global
	GlobalSection(SolutionConfigurationPlatforms) = preSolution
		Debug|Any CPU = Debug|Any CPU
		Release|Any CPU = Release|Any CPU
	EndGlobalSection
	GlobalSection(ProjectConfigurationPlatforms) = postSolution
		{0118BCCC-524F-44D4-AB8A-81F31483ABEC}.Debug|Any CPU.ActiveCfg = Debug|Any CPU
		{0118BCCC-524F-44D4-AB8A-81F31483ABEC}.Debug|Any CPU.Build.0 = Debug|Any CPU
		{0118BCCC-524F-44D4-AB8A-81F31483ABEC}.Release|Any CPU.ActiveCfg = Release|Any CPU
		{0118BCCC-524F-44D4-AB8A-81F31483ABEC}.Release|Any CPU.Build.0 = Release|Any CPU
	EndGlobalSection
	GlobalSection(SolutionProperties) = preSolution
		HideSolutionNode = FALSE
	EndGlobalSection
EndGlobal
